
Microsoft Visual Studio Solution File, Format Version 12.00
# Visual Studio Version 16
VisualStudioVersion = 16.0.29709.97
MinimumVisualStudioVersion = 10.0.40219.1
Project("{FAE04EC0-301F-11D3-BF4B-00C04F79EFBC}") = "MagicCucaBakeryAPI.Automation", "MagicCucaBakeryAPI.Automation\MagicCucaBakeryAPI.Automation.csproj", "{BEFFE10D-0E4F-4B86-A09C-A8F467BB838A}"
EndProject
Project("{FAE04EC0-301F-11D3-BF4B-00C04F79EFBC}") = "MagicCucaBakeryAPI.Specs", "MagicCucaBakeryAPI.Specs\MagicCucaBakeryAPI.Specs.csproj", "{6DA7E230-E16C-4CBC-BA71-3DC9348A5C87}"
EndProject
Global
	GlobalSection(SolutionConfigurationPlatforms) = preSolution
		Debug|Any CPU = Debug|Any CPU
		Release|Any CPU = Release|Any CPU
	EndGlobalSection
	GlobalSection(ProjectConfigurationPlatforms) = postSolution
		{BEFFE10D-0E4F-4B86-A09C-A8F467BB838A}.Debug|Any CPU.ActiveCfg = Debug|Any CPU
		{BEFFE10D-0E4F-4B86-A09C-A8F467BB838A}.Debug|Any CPU.Build.0 = Debug|Any CPU
		{BEFFE10D-0E4F-4B86-A09C-A8F467BB838A}.Release|Any CPU.ActiveCfg = Release|Any CPU
		{BEFFE10D-0E4F-4B86-A09C-A8F467BB838A}.Release|Any CPU.Build.0 = Release|Any CPU
		{6DA7E230-E16C-4CBC-BA71-3DC9348A5C87}.Debug|Any CPU.ActiveCfg = Debug|Any CPU
		{6DA7E230-E16C-4CBC-BA71-3DC9348A5C87}.Debug|Any CPU.Build.0 = Debug|Any CPU
		{6DA7E230-E16C-4CBC-BA71-3DC9348A5C87}.Release|Any CPU.ActiveCfg = Release|Any CPU
		{6DA7E230-E16C-4CBC-BA71-3DC9348A5C87}.Release|Any CPU.Build.0 = Release|Any CPU
	EndGlobalSection
	GlobalSection(SolutionProperties) = preSolution
		HideSolutionNode = FALSE
	EndGlobalSection
	GlobalSection(ExtensibilityGlobals) = postSolution
		SolutionGuid = {D898812E-B4C1-4CE0-AA97-3FD81DC20CE3}
	EndGlobalSection
EndGlobal
